
Microsoft Visual Studio Solution File, Format Version 12.00
# Visual Studio Version 17
VisualStudioVersion = 17.7.34009.444
MinimumVisualStudioVersion = 10.0.40219.1
Project("{8BC9CEB8-8B4A-11D0-8D11-00A0C91BC942}") = "WinConsoleApiWrapper", "WinConsoleApiWrapper\WinConsoleApiWrapper.vcxproj", "{A3101C73-01E4-407D-AD48-A1BC6DCFE7BB}"
EndProject
Project("{8BC9CEB8-8B4A-11D0-8D11-00A0C91BC942}") = "SpreadsheetApp", "SpreadsheetApp\SpreadsheetApp.vcxproj", "{460D014B-F87D-461D-9593-D3FDF33A13B7}"
EndProject
Global
	GlobalSection(SolutionConfigurationPlatforms) = preSolution
		Debug|x64 = Debug|x64
		Debug|x86 = Debug|x86
		Release|x64 = Release|x64
		Release|x86 = Release|x86
	EndGlobalSection
	GlobalSection(ProjectConfigurationPlatforms) = postSolution
		{A3101C73-01E4-407D-AD48-A1BC6DCFE7BB}.Debug|x64.ActiveCfg = Debug|x64
		{A3101C73-01E4-407D-AD48-A1BC6DCFE7BB}.Debug|x64.Build.0 = Debug|x64
		{A3101C73-01E4-407D-AD48-A1BC6DCFE7BB}.Debug|x86.ActiveCfg = Debug|Win32
		{A3101C73-01E4-407D-AD48-A1BC6DCFE7BB}.Debug|x86.Build.0 = Debug|Win32
		{A3101C73-01E4-407D-AD48-A1BC6DCFE7BB}.Release|x64.ActiveCfg = Release|x64
		{A3101C73-01E4-407D-AD48-A1BC6DCFE7BB}.Release|x64.Build.0 = Release|x64
		{A3101C73-01E4-407D-AD48-A1BC6DCFE7BB}.Release|x86.ActiveCfg = Release|Win32
		{A3101C73-01E4-407D-AD48-A1BC6DCFE7BB}.Release|x86.Build.0 = Release|Win32
		{460D014B-F87D-461D-9593-D3FDF33A13B7}.Debug|x64.ActiveCfg = Debug|x64
		{460D014B-F87D-461D-9593-D3FDF33A13B7}.Debug|x64.Build.0 = Debug|x64
		{460D014B-F87D-461D-9593-D3FDF33A13B7}.Debug|x86.ActiveCfg = Debug|Win32
		{460D014B-F87D-461D-9593-D3FDF33A13B7}.Debug|x86.Build.0 = Debug|Win32
		{460D014B-F87D-461D-9593-D3FDF33A13B7}.Release|x64.ActiveCfg = Release|x64
		{460D014B-F87D-461D-9593-D3FDF33A13B7}.Release|x64.Build.0 = Release|x64
		{460D014B-F87D-461D-9593-D3FDF33A13B7}.Release|x86.ActiveCfg = Release|Win32
		{460D014B-F87D-461D-9593-D3FDF33A13B7}.Release|x86.Build.0 = Release|Win32
	EndGlobalSection
	GlobalSection(SolutionProperties) = preSolution
		HideSolutionNode = FALSE
	EndGlobalSection
	GlobalSection(ExtensibilityGlobals) = postSolution
		SolutionGuid = {7205F276-72A9-48BE-80D9-DB5C48515F08}
	EndGlobalSection
EndGlobal
